
Microsoft Visual Studio Solution File, Format Version 12.00
# Visual Studio 15
VisualStudioVersion = 15.0.27428.2002
MinimumVisualStudioVersion = 10.0.40219.1
Project("{9A19103F-16F7-4668-BE54-9A1E7A4F7556}") = "ChatBot", "ChatBot\ChatBot.csproj", "{2C8155EB-D455-48BC-A63A-1BCAD6A5B7B1}"
EndProject
Global
	GlobalSection(SolutionConfigurationPlatforms) = preSolution
		Debug|Any CPU = Debug|Any CPU
		Release|Any CPU = Release|Any CPU
	EndGlobalSection
	GlobalSection(ProjectConfigurationPlatforms) = postSolution
		{2C8155EB-D455-48BC-A63A-1BCAD6A5B7B1}.Debug|Any CPU.ActiveCfg = Debug|Any CPU
		{2C8155EB-D455-48BC-A63A-1BCAD6A5B7B1}.Debug|Any CPU.Build.0 = Debug|Any CPU
		{2C8155EB-D455-48BC-A63A-1BCAD6A5B7B1}.Release|Any CPU.ActiveCfg = Release|Any CPU
		{2C8155EB-D455-48BC-A63A-1BCAD6A5B7B1}.Release|Any CPU.Build.0 = Release|Any CPU
	EndGlobalSection
	GlobalSection(SolutionProperties) = preSolution
		HideSolutionNode = FALSE
	EndGlobalSection
	GlobalSection(ExtensibilityGlobals) = postSolution
		SolutionGuid = {ACE1EE7C-4A24-4E21-9FA3-B7A9754E363B}
	EndGlobalSection
EndGlobal
