
Microsoft Visual Studio Solution File, Format Version 12.00
# Visual Studio 15
VisualStudioVersion = 15.0.27428.2002
MinimumVisualStudioVersion = 10.0.40219.1
Project("{9A19103F-16F7-4668-BE54-9A1E7A4F7556}") = "ChatBotData.Service", "ChatBotData.Service\ChatBotData.Service.csproj", "{DCC8547C-E3BD-47BE-9A36-E832C3B856B3}"
EndProject
Global
	GlobalSection(SolutionConfigurationPlatforms) = preSolution
		Debug|Any CPU = Debug|Any CPU
		Release|Any CPU = Release|Any CPU
	EndGlobalSection
	GlobalSection(ProjectConfigurationPlatforms) = postSolution
		{DCC8547C-E3BD-47BE-9A36-E832C3B856B3}.Debug|Any CPU.ActiveCfg = Debug|Any CPU
		{DCC8547C-E3BD-47BE-9A36-E832C3B856B3}.Debug|Any CPU.Build.0 = Debug|Any CPU
		{DCC8547C-E3BD-47BE-9A36-E832C3B856B3}.Release|Any CPU.ActiveCfg = Release|Any CPU
		{DCC8547C-E3BD-47BE-9A36-E832C3B856B3}.Release|Any CPU.Build.0 = Release|Any CPU
	EndGlobalSection
	GlobalSection(SolutionProperties) = preSolution
		HideSolutionNode = FALSE
	EndGlobalSection
	GlobalSection(ExtensibilityGlobals) = postSolution
		SolutionGuid = {FCA738FE-2611-46E9-A0FB-689BBBB3970C}
	EndGlobalSection
EndGlobal
